
Microsoft Visual Studio Solution File, Format Version 12.00
# Visual Studio Version 16
VisualStudioVersion = 16.0.31624.102
MinimumVisualStudioVersion = 10.0.40219.1
Project("{FAE04EC0-301F-11D3-BF4B-00C04F79EFBC}") = "WebApplication2", "WebApplication2.csproj", "{1CDE3B70-0DE0-462F-BEB1-641D5006DD51}"
EndProject
Project("{2150E333-8FDC-42A3-9474-1A3956D46DE8}") = "Solution Items", "Solution Items", "{13E2A9F9-DADF-43CD-8627-485ACCF4F26B}"
	ProjectSection(SolutionItems) = preProject
		.editorconfig = .editorconfig
	EndProjectSection
EndProject
Global
	GlobalSection(SolutionConfigurationPlatforms) = preSolution
		Debug|Any CPU = Debug|Any CPU
		Release|Any CPU = Release|Any CPU
	EndGlobalSection
	GlobalSection(ProjectConfigurationPlatforms) = postSolution
		{1CDE3B70-0DE0-462F-BEB1-641D5006DD51}.Debug|Any CPU.ActiveCfg = Debug|Any CPU
		{1CDE3B70-0DE0-462F-BEB1-641D5006DD51}.Debug|Any CPU.Build.0 = Debug|Any CPU
		{1CDE3B70-0DE0-462F-BEB1-641D5006DD51}.Release|Any CPU.ActiveCfg = Release|Any CPU
		{1CDE3B70-0DE0-462F-BEB1-641D5006DD51}.Release|Any CPU.Build.0 = Release|Any CPU
	EndGlobalSection
	GlobalSection(SolutionProperties) = preSolution
		HideSolutionNode = FALSE
	EndGlobalSection
	GlobalSection(ExtensibilityGlobals) = postSolution
		SolutionGuid = {7B69020A-EB6E-4121-9CDC-039397B86D5D}
	EndGlobalSection
EndGlobal
